
Microsoft Visual Studio Solution File, Format Version 12.00
# Visual Studio Version 17
VisualStudioVersion = 17.0.31903.59
MinimumVisualStudioVersion = 10.0.40219.1
Project("{2150E333-8FDC-42A3-9474-1A3956D46DE8}") = "core", "core", "{FBF56CC3-7AE6-AD2D-3F14-7F97FD322CD6}"
EndProject
Project("{FAE04EC0-301F-11D3-BF4B-00C04F79EFBC}") = "SYNFLOX.Core.Domain", "core\SYNFLOX.Core.Domain\SYNFLOX.Core.Domain.csproj", "{2F1D8D51-D30C-48C1-9F8F-F935735A0D75}"
EndProject
Project("{FAE04EC0-301F-11D3-BF4B-00C04F79EFBC}") = "SYNFLOX.Core.Application", "core\SYNFLOX.Core.Application\SYNFLOX.Core.Application.csproj", "{8A956925-6661-4380-B0FF-3057245407C3}"
EndProject
Project("{FAE04EC0-301F-11D3-BF4B-00C04F79EFBC}") = "SYNFLOX.Core.Infrastructure", "core\SYNFLOX.Core.Infrastructure\SYNFLOX.Core.Infrastructure.csproj", "{46CA9401-49C6-4859-9F20-8E4ED5E64480}"
EndProject
Project("{FAE04EC0-301F-11D3-BF4B-00C04F79EFBC}") = "SYNFLOX.Core.WebAPI", "core\SYNFLOX.Core.WebAPI\SYNFLOX.Core.WebAPI.csproj", "{A60A23CF-A5D3-48C4-93C2-29963AC51008}"
EndProject
Project("{2150E333-8FDC-42A3-9474-1A3956D46DE8}") = "admin-api", "admin-api", "{6D313346-D7F8-A267-0655-1AA063A44805}"
EndProject
Project("{2150E333-8FDC-42A3-9474-1A3956D46DE8}") = "src", "src", "{E1FECF14-34FB-85ED-E468-DC4394763A48}"
EndProject
Project("{FAE04EC0-301F-11D3-BF4B-00C04F79EFBC}") = "SYNFLOX.Admin.WebAPI", "admin-api\src\SYNFLOX.Admin.WebAPI\SYNFLOX.Admin.WebAPI.csproj", "{0FB4997C-2A7B-4351-8EA5-56077B78117C}"
EndProject
Project("{2150E333-8FDC-42A3-9474-1A3956D46DE8}") = "client-api", "client-api", "{BC3C01E9-D4C9-1C69-048D-FF700AB30A5A}"
EndProject
Project("{2150E333-8FDC-42A3-9474-1A3956D46DE8}") = "src", "src", "{BBA762C4-188F-243B-41B5-6AB4CEED9E51}"
EndProject
Project("{FAE04EC0-301F-11D3-BF4B-00C04F79EFBC}") = "SYNFLOX.Client.WebAPI", "client-api\src\SYNFLOX.Client.WebAPI\SYNFLOX.Client.WebAPI.csproj", "{3E9BF690-C9AD-4979-9E3E-23F49A40119A}"
EndProject
Global
	GlobalSection(SolutionConfigurationPlatforms) = preSolution
		Debug|Any CPU = Debug|Any CPU
		Debug|x64 = Debug|x64
		Debug|x86 = Debug|x86
		Release|Any CPU = Release|Any CPU
		Release|x64 = Release|x64
		Release|x86 = Release|x86
	EndGlobalSection
	GlobalSection(ProjectConfigurationPlatforms) = postSolution
		{2F1D8D51-D30C-48C1-9F8F-F935735A0D75}.Debug|Any CPU.ActiveCfg = Debug|Any CPU
		{2F1D8D51-D30C-48C1-9F8F-F935735A0D75}.Debug|Any CPU.Build.0 = Debug|Any CPU
		{2F1D8D51-D30C-48C1-9F8F-F935735A0D75}.Debug|x64.ActiveCfg = Debug|Any CPU
		{2F1D8D51-D30C-48C1-9F8F-F935735A0D75}.Debug|x64.Build.0 = Debug|Any CPU
		{2F1D8D51-D30C-48C1-9F8F-F935735A0D75}.Debug|x86.ActiveCfg = Debug|Any CPU
		{2F1D8D51-D30C-48C1-9F8F-F935735A0D75}.Debug|x86.Build.0 = Debug|Any CPU
		{2F1D8D51-D30C-48C1-9F8F-F935735A0D75}.Release|Any CPU.ActiveCfg = Release|Any CPU
		{2F1D8D51-D30C-48C1-9F8F-F935735A0D75}.Release|Any CPU.Build.0 = Release|Any CPU
		{2F1D8D51-D30C-48C1-9F8F-F935735A0D75}.Release|x64.ActiveCfg = Release|Any CPU
		{2F1D8D51-D30C-48C1-9F8F-F935735A0D75}.Release|x64.Build.0 = Release|Any CPU
		{2F1D8D51-D30C-48C1-9F8F-F935735A0D75}.Release|x86.ActiveCfg = Release|Any CPU
		{2F1D8D51-D30C-48C1-9F8F-F935735A0D75}.Release|x86.Build.0 = Release|Any CPU
		{8A956925-6661-4380-B0FF-3057245407C3}.Debug|Any CPU.ActiveCfg = Debug|Any CPU
		{8A956925-6661-4380-B0FF-3057245407C3}.Debug|Any CPU.Build.0 = Debug|Any CPU
		{8A956925-6661-4380-B0FF-3057245407C3}.Debug|x64.ActiveCfg = Debug|Any CPU
		{8A956925-6661-4380-B0FF-3057245407C3}.Debug|x64.Build.0 = Debug|Any CPU
		{8A956925-6661-4380-B0FF-3057245407C3}.Debug|x86.ActiveCfg = Debug|Any CPU
		{8A956925-6661-4380-B0FF-3057245407C3}.Debug|x86.Build.0 = Debug|Any CPU
		{8A956925-6661-4380-B0FF-3057245407C3}.Release|Any CPU.ActiveCfg = Release|Any CPU
		{8A956925-6661-4380-B0FF-3057245407C3}.Release|Any CPU.Build.0 = Release|Any CPU
		{8A956925-6661-4380-B0FF-3057245407C3}.Release|x64.ActiveCfg = Release|Any CPU
		{8A956925-6661-4380-B0FF-3057245407C3}.Release|x64.Build.0 = Release|Any CPU
		{8A956925-6661-4380-B0FF-3057245407C3}.Release|x86.ActiveCfg = Release|Any CPU
		{8A956925-6661-4380-B0FF-3057245407C3}.Release|x86.Build.0 = Release|Any CPU
		{46CA9401-49C6-4859-9F20-8E4ED5E64480}.Debug|Any CPU.ActiveCfg = Debug|Any CPU
		{46CA9401-49C6-4859-9F20-8E4ED5E64480}.Debug|Any CPU.Build.0 = Debug|Any CPU
		{46CA9401-49C6-4859-9F20-8E4ED5E64480}.Debug|x64.ActiveCfg = Debug|Any CPU
		{46CA9401-49C6-4859-9F20-8E4ED5E64480}.Debug|x64.Build.0 = Debug|Any CPU
		{46CA9401-49C6-4859-9F20-8E4ED5E64480}.Debug|x86.ActiveCfg = Debug|Any CPU
		{46CA9401-49C6-4859-9F20-8E4ED5E64480}.Debug|x86.Build.0 = Debug|Any CPU
		{46CA9401-49C6-4859-9F20-8E4ED5E64480}.Release|Any CPU.ActiveCfg = Release|Any CPU
		{46CA9401-49C6-4859-9F20-8E4ED5E64480}.Release|Any CPU.Build.0 = Release|Any CPU
		{46CA9401-49C6-4859-9F20-8E4ED5E64480}.Release|x64.ActiveCfg = Release|Any CPU
		{46CA9401-49C6-4859-9F20-8E4ED5E64480}.Release|x64.Build.0 = Release|Any CPU
		{46CA9401-49C6-4859-9F20-8E4ED5E64480}.Release|x86.ActiveCfg = Release|Any CPU
		{46CA9401-49C6-4859-9F20-8E4ED5E64480}.Release|x86.Build.0 = Release|Any CPU
		{A60A23CF-A5D3-48C4-93C2-29963AC51008}.Debug|Any CPU.ActiveCfg = Debug|Any CPU
		{A60A23CF-A5D3-48C4-93C2-29963AC51008}.Debug|Any CPU.Build.0 = Debug|Any CPU
		{A60A23CF-A5D3-48C4-93C2-29963AC51008}.Debug|x64.ActiveCfg = Debug|Any CPU
		{A60A23CF-A5D3-48C4-93C2-29963AC51008}.Debug|x64.Build.0 = Debug|Any CPU
		{A60A23CF-A5D3-48C4-93C2-29963AC51008}.Debug|x86.ActiveCfg = Debug|Any CPU
		{A60A23CF-A5D3-48C4-93C2-29963AC51008}.Debug|x86.Build.0 = Debug|Any CPU
		{A60A23CF-A5D3-48C4-93C2-29963AC51008}.Release|Any CPU.ActiveCfg = Release|Any CPU
		{A60A23CF-A5D3-48C4-93C2-29963AC51008}.Release|Any CPU.Build.0 = Release|Any CPU
		{A60A23CF-A5D3-48C4-93C2-29963AC51008}.Release|x64.ActiveCfg = Release|Any CPU
		{A60A23CF-A5D3-48C4-93C2-29963AC51008}.Release|x64.Build.0 = Release|Any CPU
		{A60A23CF-A5D3-48C4-93C2-29963AC51008}.Release|x86.ActiveCfg = Release|Any CPU
		{A60A23CF-A5D3-48C4-93C2-29963AC51008}.Release|x86.Build.0 = Release|Any CPU
		{0FB4997C-2A7B-4351-8EA5-56077B78117C}.Debug|Any CPU.ActiveCfg = Debug|Any CPU
		{0FB4997C-2A7B-4351-8EA5-56077B78117C}.Debug|Any CPU.Build.0 = Debug|Any CPU
		{0FB4997C-2A7B-4351-8EA5-56077B78117C}.Debug|x64.ActiveCfg = Debug|Any CPU
		{0FB4997C-2A7B-4351-8EA5-56077B78117C}.Debug|x64.Build.0 = Debug|Any CPU
		{0FB4997C-2A7B-4351-8EA5-56077B78117C}.Debug|x86.ActiveCfg = Debug|Any CPU
		{0FB4997C-2A7B-4351-8EA5-56077B78117C}.Debug|x86.Build.0 = Debug|Any CPU
		{0FB4997C-2A7B-4351-8EA5-56077B78117C}.Release|Any CPU.ActiveCfg = Release|Any CPU
		{0FB4997C-2A7B-4351-8EA5-56077B78117C}.Release|Any CPU.Build.0 = Release|Any CPU
		{0FB4997C-2A7B-4351-8EA5-56077B78117C}.Release|x64.ActiveCfg = Release|Any CPU
		{0FB4997C-2A7B-4351-8EA5-56077B78117C}.Release|x64.Build.0 = Release|Any CPU
		{0FB4997C-2A7B-4351-8EA5-56077B78117C}.Release|x86.ActiveCfg = Release|Any CPU
		{0FB4997C-2A7B-4351-8EA5-56077B78117C}.Release|x86.Build.0 = Release|Any CPU
		{3E9BF690-C9AD-4979-9E3E-23F49A40119A}.Debug|Any CPU.ActiveCfg = Debug|Any CPU
		{3E9BF690-C9AD-4979-9E3E-23F49A40119A}.Debug|Any CPU.Build.0 = Debug|Any CPU
		{3E9BF690-C9AD-4979-9E3E-23F49A40119A}.Debug|x64.ActiveCfg = Debug|Any CPU
		{3E9BF690-C9AD-4979-9E3E-23F49A40119A}.Debug|x64.Build.0 = Debug|Any CPU
		{3E9BF690-C9AD-4979-9E3E-23F49A40119A}.Debug|x86.ActiveCfg = Debug|Any CPU
		{3E9BF690-C9AD-4979-9E3E-23F49A40119A}.Debug|x86.Build.0 = Debug|Any CPU
		{3E9BF690-C9AD-4979-9E3E-23F49A40119A}.Release|Any CPU.ActiveCfg = Release|Any CPU
		{3E9BF690-C9AD-4979-9E3E-23F49A40119A}.Release|Any CPU.Build.0 = Release|Any CPU
		{3E9BF690-C9AD-4979-9E3E-23F49A40119A}.Release|x64.ActiveCfg = Release|Any CPU
		{3E9BF690-C9AD-4979-9E3E-23F49A40119A}.Release|x64.Build.0 = Release|Any CPU
		{3E9BF690-C9AD-4979-9E3E-23F49A40119A}.Release|x86.ActiveCfg = Release|Any CPU
		{3E9BF690-C9AD-4979-9E3E-23F49A40119A}.Release|x86.Build.0 = Release|Any CPU
	EndGlobalSection
	GlobalSection(SolutionProperties) = preSolution
		HideSolutionNode = FALSE
	EndGlobalSection
	GlobalSection(NestedProjects) = preSolution
		{2F1D8D51-D30C-48C1-9F8F-F935735A0D75} = {FBF56CC3-7AE6-AD2D-3F14-7F97FD322CD6}
		{8A956925-6661-4380-B0FF-3057245407C3} = {FBF56CC3-7AE6-AD2D-3F14-7F97FD322CD6}
		{46CA9401-49C6-4859-9F20-8E4ED5E64480} = {FBF56CC3-7AE6-AD2D-3F14-7F97FD322CD6}
		{A60A23CF-A5D3-48C4-93C2-29963AC51008} = {FBF56CC3-7AE6-AD2D-3F14-7F97FD322CD6}
		{E1FECF14-34FB-85ED-E468-DC4394763A48} = {6D313346-D7F8-A267-0655-1AA063A44805}
		{0FB4997C-2A7B-4351-8EA5-56077B78117C} = {E1FECF14-34FB-85ED-E468-DC4394763A48}
		{BBA762C4-188F-243B-41B5-6AB4CEED9E51} = {BC3C01E9-D4C9-1C69-048D-FF700AB30A5A}
		{3E9BF690-C9AD-4979-9E3E-23F49A40119A} = {BBA762C4-188F-243B-41B5-6AB4CEED9E51}
	EndGlobalSection
EndGlobal
